
Microsoft Visual Studio Solution File, Format Version 12.00
# Visual Studio Version 16
VisualStudioVersion = 16.0.30711.63
MinimumVisualStudioVersion = 10.0.40219.1
Project("{FAE04EC0-301F-11D3-BF4B-00C04F79EFBC}") = "KravchenkoD2_12FIT6", "KravchenkoD2_12FIT6.csproj", "{AE6A4930-25B4-4BD3-A4F5-1405C53884A9}"
EndProject
Project("{FAE04EC0-301F-11D3-BF4B-00C04F79EFBC}") = "KravchenkoD2_12FIT6(2)", "..\KravchenkoD2_12FIT6(2)\KravchenkoD2_12FIT6(2).csproj", "{013DCBA1-3401-4974-916A-39F135D3747A}"
EndProject
Global
	GlobalSection(SolutionConfigurationPlatforms) = preSolution
		Debug|Any CPU = Debug|Any CPU
		Release|Any CPU = Release|Any CPU
	EndGlobalSection
	GlobalSection(ProjectConfigurationPlatforms) = postSolution
		{AE6A4930-25B4-4BD3-A4F5-1405C53884A9}.Debug|Any CPU.ActiveCfg = Debug|Any CPU
		{AE6A4930-25B4-4BD3-A4F5-1405C53884A9}.Debug|Any CPU.Build.0 = Debug|Any CPU
		{AE6A4930-25B4-4BD3-A4F5-1405C53884A9}.Release|Any CPU.ActiveCfg = Release|Any CPU
		{AE6A4930-25B4-4BD3-A4F5-1405C53884A9}.Release|Any CPU.Build.0 = Release|Any CPU
		{013DCBA1-3401-4974-916A-39F135D3747A}.Debug|Any CPU.ActiveCfg = Debug|Any CPU
		{013DCBA1-3401-4974-916A-39F135D3747A}.Debug|Any CPU.Build.0 = Debug|Any CPU
		{013DCBA1-3401-4974-916A-39F135D3747A}.Release|Any CPU.ActiveCfg = Release|Any CPU
		{013DCBA1-3401-4974-916A-39F135D3747A}.Release|Any CPU.Build.0 = Release|Any CPU
	EndGlobalSection
	GlobalSection(SolutionProperties) = preSolution
		HideSolutionNode = FALSE
	EndGlobalSection
	GlobalSection(ExtensibilityGlobals) = postSolution
		SolutionGuid = {EA1829A0-36F5-4928-AE5C-A9141F945F7A}
	EndGlobalSection
EndGlobal
